
Microsoft Visual Studio Solution File, Format Version 12.00
# Visual Studio Version 17
VisualStudioVersion = 17.4.33205.214
MinimumVisualStudioVersion = 10.0.40219.1
Project("{FAE04EC0-301F-11D3-BF4B-00C04F79EFBC}") = "OpenAI.API.ImageGeneration", "OpenAI.API.ImageGeneration\OpenAI.API.ImageGeneration.csproj", "{94B510BA-E209-47D3-A63A-646EEAF17F07}"
EndProject
Global
	GlobalSection(SolutionConfigurationPlatforms) = preSolution
		Debug|Any CPU = Debug|Any CPU
		Release|Any CPU = Release|Any CPU
	EndGlobalSection
	GlobalSection(ProjectConfigurationPlatforms) = postSolution
		{94B510BA-E209-47D3-A63A-646EEAF17F07}.Debug|Any CPU.ActiveCfg = Debug|Any CPU
		{94B510BA-E209-47D3-A63A-646EEAF17F07}.Debug|Any CPU.Build.0 = Debug|Any CPU
		{94B510BA-E209-47D3-A63A-646EEAF17F07}.Release|Any CPU.ActiveCfg = Release|Any CPU
		{94B510BA-E209-47D3-A63A-646EEAF17F07}.Release|Any CPU.Build.0 = Release|Any CPU
	EndGlobalSection
	GlobalSection(SolutionProperties) = preSolution
		HideSolutionNode = FALSE
	EndGlobalSection
	GlobalSection(ExtensibilityGlobals) = postSolution
		SolutionGuid = {12469252-6F1C-4BF4-9C70-82D32F1C3460}
	EndGlobalSection
EndGlobal
